// !$*UTF8*$!
{
	archiveVersion = 1;
	classes = {
	};
	objectVersion = 55;
	objects = {

/* Begin PBXBuildFile section */
		D684C25E27ADB3AD003DFD5E /* LandmarksApp.swift in Sources */ = {isa = PBXBuildFile; fileRef = D684C25D27ADB3AD003DFD5E /* LandmarksApp.swift */; };
		D684C26027ADB3AD003DFD5E /* ContentView.swift in Sources */ = {isa = PBXBuildFile; fileRef = D684C25F27ADB3AD003DFD5E /* ContentView.swift */; };
		D684C26227ADB3AD003DFD5E /* Assets.xcassets in Resources */ = {isa = PBXBuildFile; fileRef = D684C26127ADB3AD003DFD5E /* Assets.xcassets */; };
		D684C26527ADB3AD003DFD5E /* Preview Assets.xcassets in Resources */ = {isa = PBXBuildFile; fileRef = D684C26427ADB3AD003DFD5E /* Preview Assets.xcassets */; };
		D6B1DE8A27ADB653007A41F1 /* CircleImage.swift in Sources */ = {isa = PBXBuildFile; fileRef = D6B1DE8927ADB653007A41F1 /* CircleImage.swift */; };
		D6B1DE8C27ADB737007A41F1 /* MapView.swift in Sources */ = {isa = PBXBuildFile; fileRef = D6B1DE8B27ADB737007A41F1 /* MapView.swift */; };
		D6B1DE8E27ADBB05007A41F1 /* landmarkData.json in Resources */ = {isa = PBXBuildFile; fileRef = D6B1DE8D27ADBB05007A41F1 /* landmarkData.json */; };
		D6B1DE9027ADBB48007A41F1 /* Landmark.swift in Sources */ = {isa = PBXBuildFile; fileRef = D6B1DE8F27ADBB48007A41F1 /* Landmark.swift */; };
		D6B1DE9227ADC3AE007A41F1 /* ModelData.swift in Sources */ = {isa = PBXBuildFile; fileRef = D6B1DE9127ADC3AE007A41F1 /* ModelData.swift */; };
		D6B1DE9727ADF241007A41F1 /* LandmarkRow.swift in Sources */ = {isa = PBXBuildFile; fileRef = D6B1DE9627ADF241007A41F1 /* LandmarkRow.swift */; };
		D6B1DE9927ADF511007A41F1 /* LandmarkList.swift in Sources */ = {isa = PBXBuildFile; fileRef = D6B1DE9827ADF511007A41F1 /* LandmarkList.swift */; };
		D6B1DE9B27ADF6FB007A41F1 /* LandmarkDetail.swift in Sources */ = {isa = PBXBuildFile; fileRef = D6B1DE9A27ADF6FB007A41F1 /* LandmarkDetail.swift */; };
/* End PBXBuildFile section */

/* Begin PBXFileReference section */
		D684C25A27ADB3AD003DFD5E /* Landmarks.app */ = {isa = PBXFileReference; explicitFileType = wrapper.application; includeInIndex = 0; path = Landmarks.app; sourceTree = BUILT_PRODUCTS_DIR; };
		D684C25D27ADB3AD003DFD5E /* LandmarksApp.swift */ = {isa = PBXFileReference; lastKnownFileType = sourcecode.swift; path = LandmarksApp.swift; sourceTree = "<group>"; };
		D684C25F27ADB3AD003DFD5E /* ContentView.swift */ = {isa = PBXFileReference; lastKnownFileType = sourcecode.swift; path = ContentView.swift; sourceTree = "<group>"; };
		D684C26127ADB3AD003DFD5E /* Assets.xcassets */ = {isa = PBXFileReference; lastKnownFileType = folder.assetcatalog; path = Assets.xcassets; sourceTree = "<group>"; };
		D684C26427ADB3AD003DFD5E /* Preview Assets.xcassets */ = {isa = PBXFileReference; lastKnownFileType = folder.assetcatalog; path = "Preview Assets.xcassets"; sourceTree = "<group>"; };
		D6B1DE8927ADB653007A41F1 /* CircleImage.swift */ = {isa = PBXFileReference; lastKnownFileType = sourcecode.swift; path = CircleImage.swift; sourceTree = "<group>"; };
		D6B1DE8B27ADB737007A41F1 /* MapView.swift */ = {isa = PBXFileReference; lastKnownFileType = sourcecode.swift; path = MapView.swift; sourceTree = "<group>"; };
		D6B1DE8D27ADBB05007A41F1 /* landmarkData.json */ = {isa = PBXFileReference; fileEncoding = 4; lastKnownFileType = text.json; path = landmarkData.json; sourceTree = "<group>"; };
		D6B1DE8F27ADBB48007A41F1 /* Landmark.swift */ = {isa = PBXFileReference; lastKnownFileType = sourcecode.swift; path = Landmark.swift; sourceTree = "<group>"; };
		D6B1DE9127ADC3AE007A41F1 /* ModelData.swift */ = {isa = PBXFileReference; lastKnownFileType = sourcecode.swift; path = ModelData.swift; sourceTree = "<group>"; };
		D6B1DE9627ADF241007A41F1 /* LandmarkRow.swift */ = {isa = PBXFileReference; lastKnownFileType = sourcecode.swift; path = LandmarkRow.swift; sourceTree = "<group>"; };
		D6B1DE9827ADF511007A41F1 /* LandmarkList.swift */ = {isa = PBXFileReference; lastKnownFileType = sourcecode.swift; path = LandmarkList.swift; sourceTree = "<group>"; };
		D6B1DE9A27ADF6FB007A41F1 /* LandmarkDetail.swift */ = {isa = PBXFileReference; lastKnownFileType = sourcecode.swift; path = LandmarkDetail.swift; sourceTree = "<group>"; };
/* End PBXFileReference section */

/* Begin PBXFrameworksBuildPhase section */
		D684C25727ADB3AD003DFD5E /* Frameworks */ = {
			isa = PBXFrameworksBuildPhase;
			buildActionMask = 2147483647;
			files = (
			);
			runOnlyForDeploymentPostprocessing = 0;
		};
/* End PBXFrameworksBuildPhase section */

/* Begin PBXGroup section */
		D684C25127ADB3AD003DFD5E = {
			isa = PBXGroup;
			children = (
				D684C25C27ADB3AD003DFD5E /* Landmarks */,
				D684C25B27ADB3AD003DFD5E /* Products */,
			);
			sourceTree = "<group>";
		};
		D684C25B27ADB3AD003DFD5E /* Products */ = {
			isa = PBXGroup;
			children = (
				D684C25A27ADB3AD003DFD5E /* Landmarks.app */,
			);
			name = Products;
			sourceTree = "<group>";
		};
		D684C25C27ADB3AD003DFD5E /* Landmarks */ = {
			isa = PBXGroup;
			children = (
				D684C25D27ADB3AD003DFD5E /* LandmarksApp.swift */,
				D6B1DE9527ADF17B007A41F1 /* Resources */,
				D6B1DE9427ADF164007A41F1 /* Model */,
				D6B1DE9327ADF136007A41F1 /* Views */,
				D684C26127ADB3AD003DFD5E /* Assets.xcassets */,
				D684C26327ADB3AD003DFD5E /* Preview Content */,
			);
			path = Landmarks;
			sourceTree = "<group>";
		};
		D684C26327ADB3AD003DFD5E /* Preview Content */ = {
			isa = PBXGroup;
			children = (
				D684C26427ADB3AD003DFD5E /* Preview Assets.xcassets */,
			);
			path = "Preview Content";
			sourceTree = "<group>";
		};
		D6B1DE9327ADF136007A41F1 /* Views */ = {
			isa = PBXGroup;
			children = (
				D6B1DE8927ADB653007A41F1 /* CircleImage.swift */,
				D684C25F27ADB3AD003DFD5E /* ContentView.swift */,
				D6B1DE8B27ADB737007A41F1 /* MapView.swift */,
				D6B1DE9627ADF241007A41F1 /* LandmarkRow.swift */,
				D6B1DE9827ADF511007A41F1 /* LandmarkList.swift */,
				D6B1DE9A27ADF6FB007A41F1 /* LandmarkDetail.swift */,
			);
			path = Views;
			sourceTree = "<group>";
		};
		D6B1DE9427ADF164007A41F1 /* Model */ = {
			isa = PBXGroup;
			children = (
				D6B1DE9127ADC3AE007A41F1 /* ModelData.swift */,
				D6B1DE8F27ADBB48007A41F1 /* Landmark.swift */,
			);
			path = Model;
			sourceTree = "<group>";
		};
		D6B1DE9527ADF17B007A41F1 /* Resources */ = {
			isa = PBXGroup;
			children = (
				D6B1DE8D27ADBB05007A41F1 /* landmarkData.json */,
			);
			path = Resources;
			sourceTree = "<group>";
		};
/* End PBXGroup section */

/* Begin PBXNativeTarget section */
		D684C25927ADB3AD003DFD5E /* Landmarks */ = {
			isa = PBXNativeTarget;
			buildConfigurationList = D684C26827ADB3AD003DFD5E /* Build configuration list for PBXNativeTarget "Landmarks" */;
			buildPhases = (
				D684C25627ADB3AD003DFD5E /* Sources */,
				D684C25727ADB3AD003DFD5E /* Frameworks */,
				D684C25827ADB3AD003DFD5E /* Resources */,
			);
			buildRules = (
			);
			dependencies = (
			);
			name = Landmarks;
			productName = Landmarks;
			productReference = D684C25A27ADB3AD003DFD5E /* Landmarks.app */;
			productType = "com.apple.product-type.application";
		};
/* End PBXNativeTarget section */

/* Begin PBXProject section */
		D684C25227ADB3AD003DFD5E /* Project object */ = {
			isa = PBXProject;
			attributes = {
				BuildIndependentTargetsInParallel = 1;
				LastSwiftUpdateCheck = 1320;
				LastUpgradeCheck = 1320;
				TargetAttributes = {
					D684C25927ADB3AD003DFD5E = {
						CreatedOnToolsVersion = 13.2.1;
					};
				};
			};
			buildConfigurationList = D684C25527ADB3AD003DFD5E /* Build configuration list for PBXProject "Landmarks" */;
			compatibilityVersion = "Xcode 13.0";
			developmentRegion = en;
			hasScannedForEncodings = 0;
			knownRegions = (
				en,
				Base,
			);
			mainGroup = D684C25127ADB3AD003DFD5E;
			productRefGroup = D684C25B27ADB3AD003DFD5E /* Products */;
			projectDirPath = "";
			projectRoot = "";
			targets = (
				D684C25927ADB3AD003DFD5E /* Landmarks */,
			);
		};
/* End PBXProject section */

/* Begin PBXResourcesBuildPhase section */
		D684C25827ADB3AD003DFD5E /* Resources */ = {
			isa = PBXResourcesBuildPhase;
			buildActionMask = 2147483647;
			files = (
				D684C26527ADB3AD003DFD5E /* Preview Assets.xcassets in Resources */,
				D684C26227ADB3AD003DFD5E /* Assets.xcassets in Resources */,
				D6B1DE8E27ADBB05007A41F1 /* landmarkData.json in Resources */,
			);
			runOnlyForDeploymentPostprocessing = 0;
		};
/* End PBXResourcesBuildPhase section */

/* Begin PBXSourcesBuildPhase section */
		D684C25627ADB3AD003DFD5E /* Sources */ = {
			isa = PBXSourcesBuildPhase;
			buildActionMask = 2147483647;
			files = (
				D684C26027ADB3AD003DFD5E /* ContentView.swift in Sources */,
				D6B1DE8C27ADB737007A41F1 /* MapView.swift in Sources */,
				D684C25E27ADB3AD003DFD5E /* LandmarksApp.swift in Sources */,
				D6B1DE9927ADF511007A41F1 /* LandmarkList.swift in Sources */,
				D6B1DE9B27ADF6FB007A41F1 /* LandmarkDetail.swift in Sources */,
				D6B1DE8A27ADB653007A41F1 /* CircleImage.swift in Sources */,
				D6B1DE9027ADBB48007A41F1 /* Landmark.swift in Sources */,
				D6B1DE9727ADF241007A41F1 /* LandmarkRow.swift in Sources */,
				D6B1DE9227ADC3AE007A41F1 /* ModelData.swift in Sources */,
			);
			runOnlyForDeploymentPostprocessing = 0;
		};
/* End PBXSourcesBuildPhase section */

/* Begin XCBuildConfiguration section */
		D684C26627ADB3AD003DFD5E /* Debug */ = {
			isa = XCBuildConfiguration;
			buildSettings = {
				ALWAYS_SEARCH_USER_PATHS = NO;
				CLANG_ANALYZER_NONNULL = YES;
				CLANG_ANALYZER_NUMBER_OBJECT_CONVERSION = YES_AGGRESSIVE;
				CLANG_CXX_LANGUAGE_STANDARD = "gnu++17";
				CLANG_CXX_LIBRARY = "libc++";
				CLANG_ENABLE_MODULES = YES;
				CLANG_ENABLE_OBJC_ARC = YES;
				CLANG_ENABLE_OBJC_WEAK = YES;
				CLANG_WARN_BLOCK_CAPTURE_AUTORELEASING = YES;
				CLANG_WARN_BOOL_CONVERSION = YES;
				CLANG_WARN_COMMA = YES;
				CLANG_WARN_CONSTANT_CONVERSION = YES;
				CLANG_WARN_DEPRECATED_OBJC_IMPLEMENTATIONS = YES;
				CLANG_WARN_DIRECT_OBJC_ISA_USAGE = YES_ERROR;
				CLANG_WARN_DOCUMENTATION_COMMENTS = YES;
				CLANG_WARN_EMPTY_BODY = YES;
				CLANG_WARN_ENUM_CONVERSION = YES;
				CLANG_WARN_INFINITE_RECURSION = YES;
				CLANG_WARN_INT_CONVERSION = YES;
				CLANG_WARN_NON_LITERAL_NULL_CONVERSION = YES;
				CLANG_WARN_OBJC_IMPLICIT_RETAIN_SELF = YES;
				CLANG_WARN_OBJC_LITERAL_CONVERSION = YES;
				CLANG_WARN_OBJC_ROOT_CLASS = YES_ERROR;
				CLANG_WARN_QUOTED_INCLUDE_IN_FRAMEWORK_HEADER = YES;
				CLANG_WARN_RANGE_LOOP_ANALYSIS = YES;
				CLANG_WARN_STRICT_PROTOTYPES = YES;
				CLANG_WARN_SUSPICIOUS_MOVE = YES;
				CLANG_WARN_UNGUARDED_AVAILABILITY = YES_AGGRESSIVE;
				CLANG_WARN_UNREACHABLE_CODE = YES;
				CLANG_WARN__DUPLICATE_METHOD_MATCH = YES;
				COPY_PHASE_STRIP = NO;
				DEBUG_INFORMATION_FORMAT = dwarf;
				ENABLE_STRICT_OBJC_MSGSEND = YES;
				ENABLE_TESTABILITY = YES;
				GCC_C_LANGUAGE_STANDARD = gnu11;
				GCC_DYNAMIC_NO_PIC = NO;
				GCC_NO_COMMON_BLOCKS = YES;
				GCC_OPTIMIZATION_LEVEL = 0;
				GCC_PREPROCESSOR_DEFINITIONS = (
					"DEBUG=1",
					"$(inherited)",
				);
				GCC_WARN_64_TO_32_BIT_CONVERSION = YES;
				GCC_WARN_ABOUT_RETURN_TYPE = YES_ERROR;
				GCC_WARN_UNDECLARED_SELECTOR = YES;
				GCC_WARN_UNINITIALIZED_AUTOS = YES_AGGRESSIVE;
				GCC_WARN_UNUSED_FUNCTION = YES;
				GCC_WARN_UNUSED_VARIABLE = YES;
				IPHONEOS_DEPLOYMENT_TARGET = 15.2;
				MTL_ENABLE_DEBUG_INFO = INCLUDE_SOURCE;
				MTL_FAST_MATH = YES;
				ONLY_ACTIVE_ARCH = YES;
				SDKROOT = iphoneos;
				SWIFT_ACTIVE_COMPILATION_CONDITIONS = DEBUG;
				SWIFT_OPTIMIZATION_LEVEL = "-Onone";
			};
			name = Debug;
		};
		D684C26727ADB3AD003DFD5E /* Release */ = {
			isa = XCBuildConfiguration;
			buildSettings = {
				ALWAYS_SEARCH_USER_PATHS = NO;
				CLANG_ANALYZER_NONNULL = YES;
				CLANG_ANALYZER_NUMBER_OBJECT_CONVERSION = YES_AGGRESSIVE;
				CLANG_CXX_LANGUAGE_STANDARD = "gnu++17";
				CLANG_CXX_LIBRARY = "libc++";
				CLANG_ENABLE_MODULES = YES;
				CLANG_ENABLE_OBJC_ARC = YES;
				CLANG_ENABLE_OBJC_WEAK = YES;
				CLANG_WARN_BLOCK_CAPTURE_AUTORELEASING = YES;
				CLANG_WARN_BOOL_CONVERSION = YES;
				CLANG_WARN_COMMA = YES;
				CLANG_WARN_CONSTANT_CONVERSION = YES;
				CLANG_WARN_DEPRECATED_OBJC_IMPLEMENTATIONS = YES;
				CLANG_WARN_DIRECT_OBJC_ISA_USAGE = YES_ERROR;
				CLANG_WARN_DOCUMENTATION_COMMENTS = YES;
				CLANG_WARN_EMPTY_BODY = YES;
				CLANG_WARN_ENUM_CONVERSION = YES;
				CLANG_WARN_INFINITE_RECURSION = YES;
				CLANG_WARN_INT_CONVERSION = YES;
				CLANG_WARN_NON_LITERAL_NULL_CONVERSION = YES;
				CLANG_WARN_OBJC_IMPLICIT_RETAIN_SELF = YES;
				CLANG_WARN_OBJC_LITERAL_CONVERSION = YES;
				CLANG_WARN_OBJC_ROOT_CLASS = YES_ERROR;
				CLANG_WARN_QUOTED_INCLUDE_IN_FRAMEWORK_HEADER = YES;
				CLANG_WARN_RANGE_LOOP_ANALYSIS = YES;
				CLANG_WARN_STRICT_PROTOTYPES = YES;
				CLANG_WARN_SUSPICIOUS_MOVE = YES;
				CLANG_WARN_UNGUARDED_AVAILABILITY = YES_AGGRESSIVE;
				CLANG_WARN_UNREACHABLE_CODE = YES;
				CLANG_WARN__DUPLICATE_METHOD_MATCH = YES;
				COPY_PHASE_STRIP = NO;
				DEBUG_INFORMATION_FORMAT = "dwarf-with-dsym";
				ENABLE_NS_ASSERTIONS = NO;
				ENABLE_STRICT_OBJC_MSGSEND = YES;
				GCC_C_LANGUAGE_STANDARD = gnu11;
				GCC_NO_COMMON_BLOCKS = YES;
				GCC_WARN_64_TO_32_BIT_CONVERSION = YES;
				GCC_WARN_ABOUT_RETURN_TYPE = YES_ERROR;
				GCC_WARN_UNDECLARED_SELECTOR = YES;
				GCC_WARN_UNINITIALIZED_AUTOS = YES_AGGRESSIVE;
				GCC_WARN_UNUSED_FUNCTION = YES;
				GCC_WARN_UNUSED_VARIABLE = YES;
				IPHONEOS_DEPLOYMENT_TARGET = 15.2;
				MTL_ENABLE_DEBUG_INFO = NO;
				MTL_FAST_MATH = YES;
				SDKROOT = iphoneos;
				SWIFT_COMPILATION_MODE = wholemodule;
				SWIFT_OPTIMIZATION_LEVEL = "-O";
				VALIDATE_PRODUCT = YES;
			};
			name = Release;
		};
		D684C26927ADB3AD003DFD5E /* Debug */ = {
			isa = XCBuildConfiguration;
			buildSettings = {
				ASSETCATALOG_COMPILER_APPICON_NAME = AppIcon;
				ASSETCATALOG_COMPILER_GLOBAL_ACCENT_COLOR_NAME = AccentColor;
				CODE_SIGN_STYLE = Automatic;
				CURRENT_PROJECT_VERSION = 1;
				DEVELOPMENT_ASSET_PATHS = "\"Landmarks/Preview Content\"";
				ENABLE_PREVIEWS = YES;
				GENERATE_INFOPLIST_FILE = YES;
				INFOPLIST_KEY_UIApplicationSceneManifest_Generation = YES;
				INFOPLIST_KEY_UIApplicationSupportsIndirectInputEvents = YES;
				INFOPLIST_KEY_UILaunchScreen_Generation = YES;
				INFOPLIST_KEY_UISupportedInterfaceOrientations_iPad = "UIInterfaceOrientationPortrait UIInterfaceOrientationPortraitUpsideDown UIInterfaceOrientationLandscapeLeft UIInterfaceOrientationLandscapeRight";
				INFOPLIST_KEY_UISupportedInterfaceOrientations_iPhone = "UIInterfaceOrientationPortrait UIInterfaceOrientationLandscapeLeft UIInterfaceOrientationLandscapeRight";
				LD_RUNPATH_SEARCH_PATHS = (
					"$(inherited)",
					"@executable_path/Frameworks",
				);
				MARKETING_VERSION = 1.0;
				PRODUCT_BUNDLE_IDENTIFIER = lauryn.Landmarks;
				PRODUCT_NAME = "$(TARGET_NAME)";
				SWIFT_EMIT_LOC_STRINGS = YES;
				SWIFT_VERSION = 5.0;
				TARGETED_DEVICE_FAMILY = "1,2";
			};
			name = Debug;
		};
		D684C26A27ADB3AD003DFD5E /* Release */ = {
			isa = XCBuildConfiguration;
			buildSettings = {
				ASSETCATALOG_COMPILER_APPICON_NAME = AppIcon;
				ASSETCATALOG_COMPILER_GLOBAL_ACCENT_COLOR_NAME = AccentColor;
				CODE_SIGN_STYLE = Automatic;
				CURRENT_PROJECT_VERSION = 1;
				DEVELOPMENT_ASSET_PATHS = "\"Landmarks/Preview Content\"";
				ENABLE_PREVIEWS = YES;
				GENERATE_INFOPLIST_FILE = YES;
				INFOPLIST_KEY_UIApplicationSceneManifest_Generation = YES;
				INFOPLIST_KEY_UIApplicationSupportsIndirectInputEvents = YES;
				INFOPLIST_KEY_UILaunchScreen_Generation = YES;
				INFOPLIST_KEY_UISupportedInterfaceOrientations_iPad = "UIInterfaceOrientationPortrait UIInterfaceOrientationPortraitUpsideDown UIInterfaceOrientationLandscapeLeft UIInterfaceOrientationLandscapeRight";
				INFOPLIST_KEY_UISupportedInterfaceOrientations_iPhone = "UIInterfaceOrientationPortrait UIInterfaceOrientationLandscapeLeft UIInterfaceOrientationLandscapeRight";
				LD_RUNPATH_SEARCH_PATHS = (
					"$(inherited)",
					"@executable_path/Frameworks",
				);
				MARKETING_VERSION = 1.0;
				PRODUCT_BUNDLE_IDENTIFIER = lauryn.Landmarks;
				PRODUCT_NAME = "$(TARGET_NAME)";
				SWIFT_EMIT_LOC_STRINGS = YES;
				SWIFT_VERSION = 5.0;
				TARGETED_DEVICE_FAMILY = "1,2";
			};
			name = Release;
		};
/* End XCBuildConfiguration section */

/* Begin XCConfigurationList section */
		D684C25527ADB3AD003DFD5E /* Build configuration list for PBXProject "Landmarks" */ = {
			isa = XCConfigurationList;
			buildConfigurations = (
				D684C26627ADB3AD003DFD5E /* Debug */,
				D684C26727ADB3AD003DFD5E /* Release */,
			);
			defaultConfigurationIsVisible = 0;
			defaultConfigurationName = Release;
		};
		D684C26827ADB3AD003DFD5E /* Build configuration list for PBXNativeTarget "Landmarks" */ = {
			isa = XCConfigurationList;
			buildConfigurations = (
				D684C26927ADB3AD003DFD5E /* Debug */,
				D684C26A27ADB3AD003DFD5E /* Release */,
			);
			defaultConfigurationIsVisible = 0;
			defaultConfigurationName = Release;
		};
/* End XCConfigurationList section */
	};
	rootObject = D684C25227ADB3AD003DFD5E /* Project object */;
}
